
Microsoft Visual Studio Solution File, Format Version 12.00
# Visual Studio Version 16
VisualStudioVersion = 16.0.29709.97
MinimumVisualStudioVersion = 10.0.40219.1
Project("{FAE04EC0-301F-11D3-BF4B-00C04F79EFBC}") = "Terminal", "Terminal.csproj", "{4CD6D9A2-2D96-48B6-8A8E-6C5ED04A8A62}"
EndProject
Project("{FAE04EC0-301F-11D3-BF4B-00C04F79EFBC}") = "TerminalSerial", "..\TerminalSerial\TerminalSerial.csproj", "{443DD055-847E-4534-A135-5FF2F32C1488}"
EndProject
Global
	GlobalSection(SolutionConfigurationPlatforms) = preSolution
		Debug|Any CPU = Debug|Any CPU
		Release|Any CPU = Release|Any CPU
	EndGlobalSection
	GlobalSection(ProjectConfigurationPlatforms) = postSolution
		{4CD6D9A2-2D96-48B6-8A8E-6C5ED04A8A62}.Debug|Any CPU.ActiveCfg = Debug|Any CPU
		{4CD6D9A2-2D96-48B6-8A8E-6C5ED04A8A62}.Debug|Any CPU.Build.0 = Debug|Any CPU
		{4CD6D9A2-2D96-48B6-8A8E-6C5ED04A8A62}.Release|Any CPU.ActiveCfg = Release|Any CPU
		{4CD6D9A2-2D96-48B6-8A8E-6C5ED04A8A62}.Release|Any CPU.Build.0 = Release|Any CPU
		{443DD055-847E-4534-A135-5FF2F32C1488}.Debug|Any CPU.ActiveCfg = Debug|Any CPU
		{443DD055-847E-4534-A135-5FF2F32C1488}.Debug|Any CPU.Build.0 = Debug|Any CPU
		{443DD055-847E-4534-A135-5FF2F32C1488}.Release|Any CPU.ActiveCfg = Release|Any CPU
		{443DD055-847E-4534-A135-5FF2F32C1488}.Release|Any CPU.Build.0 = Release|Any CPU
	EndGlobalSection
	GlobalSection(SolutionProperties) = preSolution
		HideSolutionNode = FALSE
	EndGlobalSection
	GlobalSection(ExtensibilityGlobals) = postSolution
		SolutionGuid = {EC3E8254-C941-46F0-888B-079AF165D350}
	EndGlobalSection
EndGlobal
